// !$*UTF8*$!
{
	archiveVersion = 1;
	classes = {
	};
	objectVersion = 56;
	objects = {

/* Begin PBXBuildFile section */
		2603B3DF2DB21360005034B6 /* AppDelegate.swift in Sources */ = {isa = PBXBuildFile; fileRef = 2603B3DE2DB21360005034B6 /* AppDelegate.swift */; };
		2603B3E12DB21360005034B6 /* SceneDelegate.swift in Sources */ = {isa = PBXBuildFile; fileRef = 2603B3E02DB21360005034B6 /* SceneDelegate.swift */; };
		2603B3E82DB21362005034B6 /* Assets.xcassets in Resources */ = {isa = PBXBuildFile; fileRef = 2603B3E72DB21362005034B6 /* Assets.xcassets */; };
		2603B3EB2DB21362005034B6 /* LaunchScreen.storyboard in Resources */ = {isa = PBXBuildFile; fileRef = 2603B3E92DB21362005034B6 /* LaunchScreen.storyboard */; };
		26CD34C42DB8D50C000ED4C9 /* MainViewController.swift in Sources */ = {isa = PBXBuildFile; fileRef = 26CD34C22DB8D50C000ED4C9 /* MainViewController.swift */; };
		26CD34C52DB8D50C000ED4C9 /* MainViewController.xib in Resources */ = {isa = PBXBuildFile; fileRef = 26CD34C32DB8D50C000ED4C9 /* MainViewController.xib */; };
/* End PBXBuildFile section */

/* Begin PBXFileReference section */
		2603B3DB2DB21360005034B6 /* ForMyDay.app */ = {isa = PBXFileReference; explicitFileType = wrapper.application; includeInIndex = 0; path = ForMyDay.app; sourceTree = BUILT_PRODUCTS_DIR; };
		2603B3DE2DB21360005034B6 /* AppDelegate.swift */ = {isa = PBXFileReference; lastKnownFileType = sourcecode.swift; path = AppDelegate.swift; sourceTree = "<group>"; };
		2603B3E02DB21360005034B6 /* SceneDelegate.swift */ = {isa = PBXFileReference; lastKnownFileType = sourcecode.swift; path = SceneDelegate.swift; sourceTree = "<group>"; };
		2603B3E72DB21362005034B6 /* Assets.xcassets */ = {isa = PBXFileReference; lastKnownFileType = folder.assetcatalog; path = Assets.xcassets; sourceTree = "<group>"; };
		2603B3EA2DB21362005034B6 /* Base */ = {isa = PBXFileReference; lastKnownFileType = file.storyboard; name = Base; path = Base.lproj/LaunchScreen.storyboard; sourceTree = "<group>"; };
		2603B3EC2DB21362005034B6 /* Info.plist */ = {isa = PBXFileReference; lastKnownFileType = text.plist.xml; path = Info.plist; sourceTree = "<group>"; };
		26CD34C22DB8D50C000ED4C9 /* MainViewController.swift */ = {isa = PBXFileReference; lastKnownFileType = sourcecode.swift; path = MainViewController.swift; sourceTree = "<group>"; };
		26CD34C32DB8D50C000ED4C9 /* MainViewController.xib */ = {isa = PBXFileReference; lastKnownFileType = file.xib; path = MainViewController.xib; sourceTree = "<group>"; };
/* End PBXFileReference section */

/* Begin PBXFrameworksBuildPhase section */
		2603B3D82DB21360005034B6 /* Frameworks */ = {
			isa = PBXFrameworksBuildPhase;
			buildActionMask = 2147483647;
			files = (
			);
			runOnlyForDeploymentPostprocessing = 0;
		};
/* End PBXFrameworksBuildPhase section */

/* Begin PBXGroup section */
		2603B3D22DB2135F005034B6 = {
			isa = PBXGroup;
			children = (
				2603B3DD2DB21360005034B6 /* ForMyDay */,
				2603B3DC2DB21360005034B6 /* Products */,
			);
			sourceTree = "<group>";
		};
		2603B3DC2DB21360005034B6 /* Products */ = {
			isa = PBXGroup;
			children = (
				2603B3DB2DB21360005034B6 /* ForMyDay.app */,
			);
			name = Products;
			sourceTree = "<group>";
		};
		2603B3DD2DB21360005034B6 /* ForMyDay */ = {
			isa = PBXGroup;
			children = (
				2603B3EC2DB21362005034B6 /* Info.plist */,
				26CD34B82DB8CE99000ED4C9 /* App */,
				26CD34BF2DB8CF9F000ED4C9 /* Resources */,
				26CD34C02DB8CFA7000ED4C9 /* Extensions */,
				26CD34C12DB8CFDD000ED4C9 /* Utils */,
				26CD34BC2DB8CF71000ED4C9 /* Presentation */,
				26CD34BD2DB8CF83000ED4C9 /* Domain */,
				26CD34BE2DB8CF8C000ED4C9 /* Data */,
			);
			path = ForMyDay;
			sourceTree = "<group>";
		};
		26CD34B82DB8CE99000ED4C9 /* App */ = {
			isa = PBXGroup;
			children = (
				2603B3DE2DB21360005034B6 /* AppDelegate.swift */,
				2603B3E02DB21360005034B6 /* SceneDelegate.swift */,
				26CD34B92DB8CECB000ED4C9 /* DI */,
			);
			path = App;
			sourceTree = "<group>";
		};
		26CD34B92DB8CECB000ED4C9 /* DI */ = {
			isa = PBXGroup;
			children = (
				26CD34BA2DB8CF60000ED4C9 /* Assemblies */,
			);
			path = DI;
			sourceTree = "<group>";
		};
		26CD34BA2DB8CF60000ED4C9 /* Assemblies */ = {
			isa = PBXGroup;
			children = (
			);
			path = Assemblies;
			sourceTree = "<group>";
		};
		26CD34BC2DB8CF71000ED4C9 /* Presentation */ = {
			isa = PBXGroup;
			children = (
				26CD34C22DB8D50C000ED4C9 /* MainViewController.swift */,
				26CD34C32DB8D50C000ED4C9 /* MainViewController.xib */,
			);
			path = Presentation;
			sourceTree = "<group>";
		};
		26CD34BD2DB8CF83000ED4C9 /* Domain */ = {
			isa = PBXGroup;
			children = (
			);
			path = Domain;
			sourceTree = "<group>";
		};
		26CD34BE2DB8CF8C000ED4C9 /* Data */ = {
			isa = PBXGroup;
			children = (
			);
			path = Data;
			sourceTree = "<group>";
		};
		26CD34BF2DB8CF9F000ED4C9 /* Resources */ = {
			isa = PBXGroup;
			children = (
				2603B3E92DB21362005034B6 /* LaunchScreen.storyboard */,
				2603B3E72DB21362005034B6 /* Assets.xcassets */,
			);
			path = Resources;
			sourceTree = "<group>";
		};
		26CD34C02DB8CFA7000ED4C9 /* Extensions */ = {
			isa = PBXGroup;
			children = (
			);
			path = Extensions;
			sourceTree = "<group>";
		};
		26CD34C12DB8CFDD000ED4C9 /* Utils */ = {
			isa = PBXGroup;
			children = (
			);
			path = Utils;
			sourceTree = "<group>";
		};
/* End PBXGroup section */

/* Begin PBXNativeTarget section */
		2603B3DA2DB21360005034B6 /* ForMyDay */ = {
			isa = PBXNativeTarget;
			buildConfigurationList = 2603B3EF2DB21362005034B6 /* Build configuration list for PBXNativeTarget "ForMyDay" */;
			buildPhases = (
				2603B3D72DB21360005034B6 /* Sources */,
				2603B3D82DB21360005034B6 /* Frameworks */,
				2603B3D92DB21360005034B6 /* Resources */,
			);
			buildRules = (
			);
			dependencies = (
			);
			name = ForMyDay;
			packageProductDependencies = (
			);
			productName = ForMyDay;
			productReference = 2603B3DB2DB21360005034B6 /* ForMyDay.app */;
			productType = "com.apple.product-type.application";
		};
/* End PBXNativeTarget section */

/* Begin PBXProject section */
		2603B3D32DB2135F005034B6 /* Project object */ = {
			isa = PBXProject;
			attributes = {
				BuildIndependentTargetsInParallel = 1;
				LastSwiftUpdateCheck = 1500;
				LastUpgradeCheck = 1500;
				TargetAttributes = {
					2603B3DA2DB21360005034B6 = {
						CreatedOnToolsVersion = 15.0;
					};
				};
			};
			buildConfigurationList = 2603B3D62DB2135F005034B6 /* Build configuration list for PBXProject "ForMyDay" */;
			compatibilityVersion = "Xcode 14.0";
			developmentRegion = en;
			hasScannedForEncodings = 0;
			knownRegions = (
				en,
				Base,
			);
			mainGroup = 2603B3D22DB2135F005034B6;
			packageReferences = (
				26C1BC732DBB667900D603A3 /* XCRemoteSwiftPackageReference "realm-swift" */,
				26C1BC742DBB66FE00D603A3 /* XCRemoteSwiftPackageReference "ReactorKit" */,
				26C1BC752DBB671F00D603A3 /* XCRemoteSwiftPackageReference "Swinject" */,
				26C1BC762DBB673700D603A3 /* XCRemoteSwiftPackageReference "RxSwift" */,
			);
			productRefGroup = 2603B3DC2DB21360005034B6 /* Products */;
			projectDirPath = "";
			projectRoot = "";
			targets = (
				2603B3DA2DB21360005034B6 /* ForMyDay */,
			);
		};
/* End PBXProject section */

/* Begin PBXResourcesBuildPhase section */
		2603B3D92DB21360005034B6 /* Resources */ = {
			isa = PBXResourcesBuildPhase;
			buildActionMask = 2147483647;
			files = (
				2603B3EB2DB21362005034B6 /* LaunchScreen.storyboard in Resources */,
				2603B3E82DB21362005034B6 /* Assets.xcassets in Resources */,
				26CD34C52DB8D50C000ED4C9 /* MainViewController.xib in Resources */,
			);
			runOnlyForDeploymentPostprocessing = 0;
		};
/* End PBXResourcesBuildPhase section */

/* Begin PBXSourcesBuildPhase section */
		2603B3D72DB21360005034B6 /* Sources */ = {
			isa = PBXSourcesBuildPhase;
			buildActionMask = 2147483647;
			files = (
				2603B3DF2DB21360005034B6 /* AppDelegate.swift in Sources */,
				2603B3E12DB21360005034B6 /* SceneDelegate.swift in Sources */,
				26CD34C42DB8D50C000ED4C9 /* MainViewController.swift in Sources */,
			);
			runOnlyForDeploymentPostprocessing = 0;
		};
/* End PBXSourcesBuildPhase section */

/* Begin PBXVariantGroup section */
		2603B3E92DB21362005034B6 /* LaunchScreen.storyboard */ = {
			isa = PBXVariantGroup;
			children = (
				2603B3EA2DB21362005034B6 /* Base */,
			);
			name = LaunchScreen.storyboard;
			sourceTree = "<group>";
		};
/* End PBXVariantGroup section */

/* Begin XCBuildConfiguration section */
		2603B3ED2DB21362005034B6 /* Debug */ = {
			isa = XCBuildConfiguration;
			buildSettings = {
				ALWAYS_SEARCH_USER_PATHS = NO;
				ASSETCATALOG_COMPILER_GENERATE_SWIFT_ASSET_SYMBOL_EXTENSIONS = YES;
				CLANG_ANALYZER_NONNULL = YES;
				CLANG_ANALYZER_NUMBER_OBJECT_CONVERSION = YES_AGGRESSIVE;
				CLANG_CXX_LANGUAGE_STANDARD = "gnu++20";
				CLANG_ENABLE_MODULES = YES;
				CLANG_ENABLE_OBJC_ARC = YES;
				CLANG_ENABLE_OBJC_WEAK = YES;
				CLANG_WARN_BLOCK_CAPTURE_AUTORELEASING = YES;
				CLANG_WARN_BOOL_CONVERSION = YES;
				CLANG_WARN_COMMA = YES;
				CLANG_WARN_CONSTANT_CONVERSION = YES;
				CLANG_WARN_DEPRECATED_OBJC_IMPLEMENTATIONS = YES;
				CLANG_WARN_DIRECT_OBJC_ISA_USAGE = YES_ERROR;
				CLANG_WARN_DOCUMENTATION_COMMENTS = YES;
				CLANG_WARN_EMPTY_BODY = YES;
				CLANG_WARN_ENUM_CONVERSION = YES;
				CLANG_WARN_INFINITE_RECURSION = YES;
				CLANG_WARN_INT_CONVERSION = YES;
				CLANG_WARN_NON_LITERAL_NULL_CONVERSION = YES;
				CLANG_WARN_OBJC_IMPLICIT_RETAIN_SELF = YES;
				CLANG_WARN_OBJC_LITERAL_CONVERSION = YES;
				CLANG_WARN_OBJC_ROOT_CLASS = YES_ERROR;
				CLANG_WARN_QUOTED_INCLUDE_IN_FRAMEWORK_HEADER = YES;
				CLANG_WARN_RANGE_LOOP_ANALYSIS = YES;
				CLANG_WARN_STRICT_PROTOTYPES = YES;
				CLANG_WARN_SUSPICIOUS_MOVE = YES;
				CLANG_WARN_UNGUARDED_AVAILABILITY = YES_AGGRESSIVE;
				CLANG_WARN_UNREACHABLE_CODE = YES;
				CLANG_WARN__DUPLICATE_METHOD_MATCH = YES;
				COPY_PHASE_STRIP = NO;
				DEBUG_INFORMATION_FORMAT = dwarf;
				ENABLE_STRICT_OBJC_MSGSEND = YES;
				ENABLE_TESTABILITY = YES;
				ENABLE_USER_SCRIPT_SANDBOXING = YES;
				GCC_C_LANGUAGE_STANDARD = gnu17;
				GCC_DYNAMIC_NO_PIC = NO;
				GCC_NO_COMMON_BLOCKS = YES;
				GCC_OPTIMIZATION_LEVEL = 0;
				GCC_PREPROCESSOR_DEFINITIONS = (
					"DEBUG=1",
					"$(inherited)",
				);
				GCC_WARN_64_TO_32_BIT_CONVERSION = YES;
				GCC_WARN_ABOUT_RETURN_TYPE = YES_ERROR;
				GCC_WARN_UNDECLARED_SELECTOR = YES;
				GCC_WARN_UNINITIALIZED_AUTOS = YES_AGGRESSIVE;
				GCC_WARN_UNUSED_FUNCTION = YES;
				GCC_WARN_UNUSED_VARIABLE = YES;
				IPHONEOS_DEPLOYMENT_TARGET = 17.0;
				LOCALIZATION_PREFERS_STRING_CATALOGS = YES;
				MTL_ENABLE_DEBUG_INFO = INCLUDE_SOURCE;
				MTL_FAST_MATH = YES;
				ONLY_ACTIVE_ARCH = YES;
				SDKROOT = iphoneos;
				SWIFT_ACTIVE_COMPILATION_CONDITIONS = "DEBUG $(inherited)";
				SWIFT_OPTIMIZATION_LEVEL = "-Onone";
			};
			name = Debug;
		};
		2603B3EE2DB21362005034B6 /* Release */ = {
			isa = XCBuildConfiguration;
			buildSettings = {
				ALWAYS_SEARCH_USER_PATHS = NO;
				ASSETCATALOG_COMPILER_GENERATE_SWIFT_ASSET_SYMBOL_EXTENSIONS = YES;
				CLANG_ANALYZER_NONNULL = YES;
				CLANG_ANALYZER_NUMBER_OBJECT_CONVERSION = YES_AGGRESSIVE;
				CLANG_CXX_LANGUAGE_STANDARD = "gnu++20";
				CLANG_ENABLE_MODULES = YES;
				CLANG_ENABLE_OBJC_ARC = YES;
				CLANG_ENABLE_OBJC_WEAK = YES;
				CLANG_WARN_BLOCK_CAPTURE_AUTORELEASING = YES;
				CLANG_WARN_BOOL_CONVERSION = YES;
				CLANG_WARN_COMMA = YES;
				CLANG_WARN_CONSTANT_CONVERSION = YES;
				CLANG_WARN_DEPRECATED_OBJC_IMPLEMENTATIONS = YES;
				CLANG_WARN_DIRECT_OBJC_ISA_USAGE = YES_ERROR;
				CLANG_WARN_DOCUMENTATION_COMMENTS = YES;
				CLANG_WARN_EMPTY_BODY = YES;
				CLANG_WARN_ENUM_CONVERSION = YES;
				CLANG_WARN_INFINITE_RECURSION = YES;
				CLANG_WARN_INT_CONVERSION = YES;
				CLANG_WARN_NON_LITERAL_NULL_CONVERSION = YES;
				CLANG_WARN_OBJC_IMPLICIT_RETAIN_SELF = YES;
				CLANG_WARN_OBJC_LITERAL_CONVERSION = YES;
				CLANG_WARN_OBJC_ROOT_CLASS = YES_ERROR;
				CLANG_WARN_QUOTED_INCLUDE_IN_FRAMEWORK_HEADER = YES;
				CLANG_WARN_RANGE_LOOP_ANALYSIS = YES;
				CLANG_WARN_STRICT_PROTOTYPES = YES;
				CLANG_WARN_SUSPICIOUS_MOVE = YES;
				CLANG_WARN_UNGUARDED_AVAILABILITY = YES_AGGRESSIVE;
				CLANG_WARN_UNREACHABLE_CODE = YES;
				CLANG_WARN__DUPLICATE_METHOD_MATCH = YES;
				COPY_PHASE_STRIP = NO;
				DEBUG_INFORMATION_FORMAT = "dwarf-with-dsym";
				ENABLE_NS_ASSERTIONS = NO;
				ENABLE_STRICT_OBJC_MSGSEND = YES;
				ENABLE_USER_SCRIPT_SANDBOXING = YES;
				GCC_C_LANGUAGE_STANDARD = gnu17;
				GCC_NO_COMMON_BLOCKS = YES;
				GCC_WARN_64_TO_32_BIT_CONVERSION = YES;
				GCC_WARN_ABOUT_RETURN_TYPE = YES_ERROR;
				GCC_WARN_UNDECLARED_SELECTOR = YES;
				GCC_WARN_UNINITIALIZED_AUTOS = YES_AGGRESSIVE;
				GCC_WARN_UNUSED_FUNCTION = YES;
				GCC_WARN_UNUSED_VARIABLE = YES;
				IPHONEOS_DEPLOYMENT_TARGET = 17.0;
				LOCALIZATION_PREFERS_STRING_CATALOGS = YES;
				MTL_ENABLE_DEBUG_INFO = NO;
				MTL_FAST_MATH = YES;
				SDKROOT = iphoneos;
				SWIFT_COMPILATION_MODE = wholemodule;
				VALIDATE_PRODUCT = YES;
			};
			name = Release;
		};
		2603B3F02DB21362005034B6 /* Debug */ = {
			isa = XCBuildConfiguration;
			buildSettings = {
				ASSETCATALOG_COMPILER_APPICON_NAME = AppIcon;
				ASSETCATALOG_COMPILER_GLOBAL_ACCENT_COLOR_NAME = AccentColor;
				CODE_SIGN_STYLE = Automatic;
				CURRENT_PROJECT_VERSION = 1;
				DEVELOPMENT_TEAM = 89FM78BG2S;
				GENERATE_INFOPLIST_FILE = YES;
				INFOPLIST_FILE = ForMyDay/Info.plist;
				INFOPLIST_KEY_UIApplicationSupportsIndirectInputEvents = YES;
				INFOPLIST_KEY_UILaunchStoryboardName = LaunchScreen;
				INFOPLIST_KEY_UIMainStoryboardFile = "";
				INFOPLIST_KEY_UISupportedInterfaceOrientations_iPad = "UIInterfaceOrientationPortrait UIInterfaceOrientationPortraitUpsideDown UIInterfaceOrientationLandscapeLeft UIInterfaceOrientationLandscapeRight";
				INFOPLIST_KEY_UISupportedInterfaceOrientations_iPhone = "UIInterfaceOrientationPortrait UIInterfaceOrientationLandscapeLeft UIInterfaceOrientationLandscapeRight";
				LD_RUNPATH_SEARCH_PATHS = (
					"$(inherited)",
					"@executable_path/Frameworks",
				);
				MARKETING_VERSION = 1.0;
				PRODUCT_BUNDLE_IDENTIFIER = com.yeon.ForMyDay;
				PRODUCT_NAME = "$(TARGET_NAME)";
				SWIFT_EMIT_LOC_STRINGS = YES;
				SWIFT_VERSION = 5.0;
				TARGETED_DEVICE_FAMILY = "1,2";
			};
			name = Debug;
		};
		2603B3F12DB21362005034B6 /* Release */ = {
			isa = XCBuildConfiguration;
			buildSettings = {
				ASSETCATALOG_COMPILER_APPICON_NAME = AppIcon;
				ASSETCATALOG_COMPILER_GLOBAL_ACCENT_COLOR_NAME = AccentColor;
				CODE_SIGN_STYLE = Automatic;
				CURRENT_PROJECT_VERSION = 1;
				DEVELOPMENT_TEAM = 89FM78BG2S;
				GENERATE_INFOPLIST_FILE = YES;
				INFOPLIST_FILE = ForMyDay/Info.plist;
				INFOPLIST_KEY_UIApplicationSupportsIndirectInputEvents = YES;
				INFOPLIST_KEY_UILaunchStoryboardName = LaunchScreen;
				INFOPLIST_KEY_UIMainStoryboardFile = "";
				INFOPLIST_KEY_UISupportedInterfaceOrientations_iPad = "UIInterfaceOrientationPortrait UIInterfaceOrientationPortraitUpsideDown UIInterfaceOrientationLandscapeLeft UIInterfaceOrientationLandscapeRight";
				INFOPLIST_KEY_UISupportedInterfaceOrientations_iPhone = "UIInterfaceOrientationPortrait UIInterfaceOrientationLandscapeLeft UIInterfaceOrientationLandscapeRight";
				LD_RUNPATH_SEARCH_PATHS = (
					"$(inherited)",
					"@executable_path/Frameworks",
				);
				MARKETING_VERSION = 1.0;
				PRODUCT_BUNDLE_IDENTIFIER = com.yeon.ForMyDay;
				PRODUCT_NAME = "$(TARGET_NAME)";
				SWIFT_EMIT_LOC_STRINGS = YES;
				SWIFT_VERSION = 5.0;
				TARGETED_DEVICE_FAMILY = "1,2";
			};
			name = Release;
		};
/* End XCBuildConfiguration section */

/* Begin XCConfigurationList section */
		2603B3D62DB2135F005034B6 /* Build configuration list for PBXProject "ForMyDay" */ = {
			isa = XCConfigurationList;
			buildConfigurations = (
				2603B3ED2DB21362005034B6 /* Debug */,
				2603B3EE2DB21362005034B6 /* Release */,
			);
			defaultConfigurationIsVisible = 0;
			defaultConfigurationName = Release;
		};
		2603B3EF2DB21362005034B6 /* Build configuration list for PBXNativeTarget "ForMyDay" */ = {
			isa = XCConfigurationList;
			buildConfigurations = (
				2603B3F02DB21362005034B6 /* Debug */,
				2603B3F12DB21362005034B6 /* Release */,
			);
			defaultConfigurationIsVisible = 0;
			defaultConfigurationName = Release;
		};
/* End XCConfigurationList section */

/* Begin XCRemoteSwiftPackageReference section */
		26C1BC732DBB667900D603A3 /* XCRemoteSwiftPackageReference "realm-swift" */ = {
			isa = XCRemoteSwiftPackageReference;
			repositoryURL = "https://github.com/realm/realm-swift.git";
			requirement = {
				branch = master;
				kind = branch;
			};
		};
		26C1BC742DBB66FE00D603A3 /* XCRemoteSwiftPackageReference "ReactorKit" */ = {
			isa = XCRemoteSwiftPackageReference;
			repositoryURL = "https://github.com/ReactorKit/ReactorKit.git";
			requirement = {
				kind = upToNextMinorVersion;
				minimumVersion = 3.2.0;
			};
		};
		26C1BC752DBB671F00D603A3 /* XCRemoteSwiftPackageReference "Swinject" */ = {
			isa = XCRemoteSwiftPackageReference;
			repositoryURL = "https://github.com/Swinject/Swinject.git";
			requirement = {
				kind = upToNextMinorVersion;
				minimumVersion = 2.9.1;
			};
		};
		26C1BC762DBB673700D603A3 /* XCRemoteSwiftPackageReference "RxSwift" */ = {
			isa = XCRemoteSwiftPackageReference;
			repositoryURL = "https://github.com/ReactiveX/RxSwift.git";
			requirement = {
				kind = upToNextMinorVersion;
				minimumVersion = 6.9.0;
			};
		};
/* End XCRemoteSwiftPackageReference section */
	};
	rootObject = 2603B3D32DB2135F005034B6 /* Project object */;
}
